
Microsoft Visual Studio Solution File, Format Version 12.00
# Visual Studio Version 17
VisualStudioVersion = 17.7.34024.191
MinimumVisualStudioVersion = 10.0.40219.1
Project("{FAE04EC0-301F-11D3-BF4B-00C04F79EFBC}") = "Section9", "Section9\Section9.csproj", "{D20A7635-5185-44DD-A9EB-E0568ED49F5D}"
EndProject
Global
	GlobalSection(SolutionConfigurationPlatforms) = preSolution
		Debug|Any CPU = Debug|Any CPU
		Release|Any CPU = Release|Any CPU
	EndGlobalSection
	GlobalSection(ProjectConfigurationPlatforms) = postSolution
		{D20A7635-5185-44DD-A9EB-E0568ED49F5D}.Debug|Any CPU.ActiveCfg = Debug|Any CPU
		{D20A7635-5185-44DD-A9EB-E0568ED49F5D}.Debug|Any CPU.Build.0 = Debug|Any CPU
		{D20A7635-5185-44DD-A9EB-E0568ED49F5D}.Release|Any CPU.ActiveCfg = Release|Any CPU
		{D20A7635-5185-44DD-A9EB-E0568ED49F5D}.Release|Any CPU.Build.0 = Release|Any CPU
	EndGlobalSection
	GlobalSection(SolutionProperties) = preSolution
		HideSolutionNode = FALSE
	EndGlobalSection
	GlobalSection(ExtensibilityGlobals) = postSolution
		SolutionGuid = {0F21833F-666C-4860-8BA5-DB9218D51242}
	EndGlobalSection
EndGlobal
